// !$*UTF8*$!
{
	archiveVersion = 1;
	classes = {
	};
	objectVersion = 46;
	objects = {

/* Begin PBXBuildFile section */
		266E3CA11DB52B9400EBF51A /* AppDelegate.swift in Sources */ = {isa = PBXBuildFile; fileRef = 266E3CA01DB52B9400EBF51A /* AppDelegate.swift */; };
		266E3CA31DB52B9400EBF51A /* ViewController.swift in Sources */ = {isa = PBXBuildFile; fileRef = 266E3CA21DB52B9400EBF51A /* ViewController.swift */; };
		266E3CA81DB52B9400EBF51A /* Assets.xcassets in Resources */ = {isa = PBXBuildFile; fileRef = 266E3CA71DB52B9400EBF51A /* Assets.xcassets */; };
		266E3CAB1DB52B9400EBF51A /* LaunchScreen.storyboard in Resources */ = {isa = PBXBuildFile; fileRef = 266E3CA91DB52B9400EBF51A /* LaunchScreen.storyboard */; };
/* End PBXBuildFile section */

/* Begin PBXFileReference section */
		266E3C9D1DB52B9400EBF51A /* TableViewSeparatorFreeze.app */ = {isa = PBXFileReference; explicitFileType = wrapper.application; includeInIndex = 0; path = TableViewSeparatorFreeze.app; sourceTree = BUILT_PRODUCTS_DIR; };
		266E3CA01DB52B9400EBF51A /* AppDelegate.swift */ = {isa = PBXFileReference; lastKnownFileType = sourcecode.swift; path = AppDelegate.swift; sourceTree = "<group>"; };
		266E3CA21DB52B9400EBF51A /* ViewController.swift */ = {isa = PBXFileReference; lastKnownFileType = sourcecode.swift; path = ViewController.swift; sourceTree = "<group>"; };
		266E3CA71DB52B9400EBF51A /* Assets.xcassets */ = {isa = PBXFileReference; lastKnownFileType = folder.assetcatalog; path = Assets.xcassets; sourceTree = "<group>"; };
		266E3CAA1DB52B9400EBF51A /* Base */ = {isa = PBXFileReference; lastKnownFileType = file.storyboard; name = Base; path = Base.lproj/LaunchScreen.storyboard; sourceTree = "<group>"; };
		266E3CAC1DB52B9400EBF51A /* Info.plist */ = {isa = PBXFileReference; lastKnownFileType = text.plist.xml; path = Info.plist; sourceTree = "<group>"; };
/* End PBXFileReference section */

/* Begin PBXFrameworksBuildPhase section */
		266E3C9A1DB52B9400EBF51A /* Frameworks */ = {
			isa = PBXFrameworksBuildPhase;
			buildActionMask = 2147483647;
			files = (
			);
			runOnlyForDeploymentPostprocessing = 0;
		};
/* End PBXFrameworksBuildPhase section */

/* Begin PBXGroup section */
		266E3C941DB52B9400EBF51A = {
			isa = PBXGroup;
			children = (
				266E3C9F1DB52B9400EBF51A /* TableViewSeparatorFreeze */,
				266E3C9E1DB52B9400EBF51A /* Products */,
			);
			sourceTree = "<group>";
		};
		266E3C9E1DB52B9400EBF51A /* Products */ = {
			isa = PBXGroup;
			children = (
				266E3C9D1DB52B9400EBF51A /* TableViewSeparatorFreeze.app */,
			);
			name = Products;
			sourceTree = "<group>";
		};
		266E3C9F1DB52B9400EBF51A /* TableViewSeparatorFreeze */ = {
			isa = PBXGroup;
			children = (
				266E3CA01DB52B9400EBF51A /* AppDelegate.swift */,
				266E3CA21DB52B9400EBF51A /* ViewController.swift */,
				266E3CA71DB52B9400EBF51A /* Assets.xcassets */,
				266E3CA91DB52B9400EBF51A /* LaunchScreen.storyboard */,
				266E3CAC1DB52B9400EBF51A /* Info.plist */,
			);
			path = TableViewSeparatorFreeze;
			sourceTree = "<group>";
		};
/* End PBXGroup section */

/* Begin PBXNativeTarget section */
		266E3C9C1DB52B9400EBF51A /* TableViewSeparatorFreeze */ = {
			isa = PBXNativeTarget;
			buildConfigurationList = 266E3CAF1DB52B9400EBF51A /* Build configuration list for PBXNativeTarget "TableViewSeparatorFreeze" */;
			buildPhases = (
				266E3C991DB52B9400EBF51A /* Sources */,
				266E3C9A1DB52B9400EBF51A /* Frameworks */,
				266E3C9B1DB52B9400EBF51A /* Resources */,
			);
			buildRules = (
			);
			dependencies = (
			);
			name = TableViewSeparatorFreeze;
			productName = TableViewSeparatorFreeze;
			productReference = 266E3C9D1DB52B9400EBF51A /* TableViewSeparatorFreeze.app */;
			productType = "com.apple.product-type.application";
		};
/* End PBXNativeTarget section */

/* Begin PBXProject section */
		266E3C951DB52B9400EBF51A /* Project object */ = {
			isa = PBXProject;
			attributes = {
				LastSwiftUpdateCheck = 0800;
				LastUpgradeCheck = 0800;
				ORGANIZATIONNAME = "Eli Perkins";
				TargetAttributes = {
					266E3C9C1DB52B9400EBF51A = {
						CreatedOnToolsVersion = 8.0;
						ProvisioningStyle = Automatic;
					};
				};
			};
			buildConfigurationList = 266E3C981DB52B9400EBF51A /* Build configuration list for PBXProject "TableViewSeparatorFreeze" */;
			compatibilityVersion = "Xcode 3.2";
			developmentRegion = English;
			hasScannedForEncodings = 0;
			knownRegions = (
				en,
				Base,
			);
			mainGroup = 266E3C941DB52B9400EBF51A;
			productRefGroup = 266E3C9E1DB52B9400EBF51A /* Products */;
			projectDirPath = "";
			projectRoot = "";
			targets = (
				266E3C9C1DB52B9400EBF51A /* TableViewSeparatorFreeze */,
			);
		};
/* End PBXProject section */

/* Begin PBXResourcesBuildPhase section */
		266E3C9B1DB52B9400EBF51A /* Resources */ = {
			isa = PBXResourcesBuildPhase;
			buildActionMask = 2147483647;
			files = (
				266E3CAB1DB52B9400EBF51A /* LaunchScreen.storyboard in Resources */,
				266E3CA81DB52B9400EBF51A /* Assets.xcassets in Resources */,
			);
			runOnlyForDeploymentPostprocessing = 0;
		};
/* End PBXResourcesBuildPhase section */

/* Begin PBXSourcesBuildPhase section */
		266E3C991DB52B9400EBF51A /* Sources */ = {
			isa = PBXSourcesBuildPhase;
			buildActionMask = 2147483647;
			files = (
				266E3CA31DB52B9400EBF51A /* ViewController.swift in Sources */,
				266E3CA11DB52B9400EBF51A /* AppDelegate.swift in Sources */,
			);
			runOnlyForDeploymentPostprocessing = 0;
		};
/* End PBXSourcesBuildPhase section */

/* Begin PBXVariantGroup section */
		266E3CA91DB52B9400EBF51A /* LaunchScreen.storyboard */ = {
			isa = PBXVariantGroup;
			children = (
				266E3CAA1DB52B9400EBF51A /* Base */,
			);
			name = LaunchScreen.storyboard;
			sourceTree = "<group>";
		};
/* End PBXVariantGroup section */

/* Begin XCBuildConfiguration section */
		266E3CAD1DB52B9400EBF51A /* Debug */ = {
			isa = XCBuildConfiguration;
			buildSettings = {
				ALWAYS_SEARCH_USER_PATHS = NO;
				CLANG_ANALYZER_NONNULL = YES;
				CLANG_CXX_LANGUAGE_STANDARD = "gnu++0x";
				CLANG_CXX_LIBRARY = "libc++";
				CLANG_ENABLE_MODULES = YES;
				CLANG_ENABLE_OBJC_ARC = YES;
				CLANG_WARN_BOOL_CONVERSION = YES;
				CLANG_WARN_CONSTANT_CONVERSION = YES;
				CLANG_WARN_DIRECT_OBJC_ISA_USAGE = YES_ERROR;
				CLANG_WARN_DOCUMENTATION_COMMENTS = YES;
				CLANG_WARN_EMPTY_BODY = YES;
				CLANG_WARN_ENUM_CONVERSION = YES;
				CLANG_WARN_INFINITE_RECURSION = YES;
				CLANG_WARN_INT_CONVERSION = YES;
				CLANG_WARN_OBJC_ROOT_CLASS = YES_ERROR;
				CLANG_WARN_SUSPICIOUS_MOVES = YES;
				CLANG_WARN_UNREACHABLE_CODE = YES;
				CLANG_WARN__DUPLICATE_METHOD_MATCH = YES;
				"CODE_SIGN_IDENTITY[sdk=iphoneos*]" = "iPhone Developer";
				COPY_PHASE_STRIP = NO;
				DEBUG_INFORMATION_FORMAT = dwarf;
				ENABLE_STRICT_OBJC_MSGSEND = YES;
				ENABLE_TESTABILITY = YES;
				GCC_C_LANGUAGE_STANDARD = gnu99;
				GCC_DYNAMIC_NO_PIC = NO;
				GCC_NO_COMMON_BLOCKS = YES;
				GCC_OPTIMIZATION_LEVEL = 0;
				GCC_PREPROCESSOR_DEFINITIONS = (
					"DEBUG=1",
					"$(inherited)",
				);
				GCC_WARN_64_TO_32_BIT_CONVERSION = YES;
				GCC_WARN_ABOUT_RETURN_TYPE = YES_ERROR;
				GCC_WARN_UNDECLARED_SELECTOR = YES;
				GCC_WARN_UNINITIALIZED_AUTOS = YES_AGGRESSIVE;
				GCC_WARN_UNUSED_FUNCTION = YES;
				GCC_WARN_UNUSED_VARIABLE = YES;
				IPHONEOS_DEPLOYMENT_TARGET = 10.0;
				MTL_ENABLE_DEBUG_INFO = YES;
				ONLY_ACTIVE_ARCH = YES;
				SDKROOT = iphoneos;
				SWIFT_ACTIVE_COMPILATION_CONDITIONS = DEBUG;
				SWIFT_OPTIMIZATION_LEVEL = "-Onone";
				TARGETED_DEVICE_FAMILY = "1,2";
			};
			name = Debug;
		};
		266E3CAE1DB52B9400EBF51A /* Release */ = {
			isa = XCBuildConfiguration;
			buildSettings = {
				ALWAYS_SEARCH_USER_PATHS = NO;
				CLANG_ANALYZER_NONNULL = YES;
				CLANG_CXX_LANGUAGE_STANDARD = "gnu++0x";
				CLANG_CXX_LIBRARY = "libc++";
				CLANG_ENABLE_MODULES = YES;
				CLANG_ENABLE_OBJC_ARC = YES;
				CLANG_WARN_BOOL_CONVERSION = YES;
				CLANG_WARN_CONSTANT_CONVERSION = YES;
				CLANG_WARN_DIRECT_OBJC_ISA_USAGE = YES_ERROR;
				CLANG_WARN_DOCUMENTATION_COMMENTS = YES;
				CLANG_WARN_EMPTY_BODY = YES;
				CLANG_WARN_ENUM_CONVERSION = YES;
				CLANG_WARN_INFINITE_RECURSION = YES;
				CLANG_WARN_INT_CONVERSION = YES;
				CLANG_WARN_OBJC_ROOT_CLASS = YES_ERROR;
				CLANG_WARN_SUSPICIOUS_MOVES = YES;
				CLANG_WARN_UNREACHABLE_CODE = YES;
				CLANG_WARN__DUPLICATE_METHOD_MATCH = YES;
				"CODE_SIGN_IDENTITY[sdk=iphoneos*]" = "iPhone Developer";
				COPY_PHASE_STRIP = NO;
				DEBUG_INFORMATION_FORMAT = "dwarf-with-dsym";
				ENABLE_NS_ASSERTIONS = NO;
				ENABLE_STRICT_OBJC_MSGSEND = YES;
				GCC_C_LANGUAGE_STANDARD = gnu99;
				GCC_NO_COMMON_BLOCKS = YES;
				GCC_WARN_64_TO_32_BIT_CONVERSION = YES;
				GCC_WARN_ABOUT_RETURN_TYPE = YES_ERROR;
				GCC_WARN_UNDECLARED_SELECTOR = YES;
				GCC_WARN_UNINITIALIZED_AUTOS = YES_AGGRESSIVE;
				GCC_WARN_UNUSED_FUNCTION = YES;
				GCC_WARN_UNUSED_VARIABLE = YES;
				IPHONEOS_DEPLOYMENT_TARGET = 10.0;
				MTL_ENABLE_DEBUG_INFO = NO;
				SDKROOT = iphoneos;
				SWIFT_OPTIMIZATION_LEVEL = "-Owholemodule";
				TARGETED_DEVICE_FAMILY = "1,2";
				VALIDATE_PRODUCT = YES;
			};
			name = Release;
		};
		266E3CB01DB52B9400EBF51A /* Debug */ = {
			isa = XCBuildConfiguration;
			buildSettings = {
				ASSETCATALOG_COMPILER_APPICON_NAME = AppIcon;
				INFOPLIST_FILE = TableViewSeparatorFreeze/Info.plist;
				LD_RUNPATH_SEARCH_PATHS = "$(inherited) @executable_path/Frameworks";
				PRODUCT_BUNDLE_IDENTIFIER = com.eliperkins.TableViewSeparatorFreeze;
				PRODUCT_NAME = "$(TARGET_NAME)";
				SWIFT_VERSION = 3.0;
			};
			name = Debug;
		};
		266E3CB11DB52B9400EBF51A /* Release */ = {
			isa = XCBuildConfiguration;
			buildSettings = {
				ASSETCATALOG_COMPILER_APPICON_NAME = AppIcon;
				INFOPLIST_FILE = TableViewSeparatorFreeze/Info.plist;
				LD_RUNPATH_SEARCH_PATHS = "$(inherited) @executable_path/Frameworks";
				PRODUCT_BUNDLE_IDENTIFIER = com.eliperkins.TableViewSeparatorFreeze;
				PRODUCT_NAME = "$(TARGET_NAME)";
				SWIFT_VERSION = 3.0;
			};
			name = Release;
		};
/* End XCBuildConfiguration section */

/* Begin XCConfigurationList section */
		266E3C981DB52B9400EBF51A /* Build configuration list for PBXProject "TableViewSeparatorFreeze" */ = {
			isa = XCConfigurationList;
			buildConfigurations = (
				266E3CAD1DB52B9400EBF51A /* Debug */,
				266E3CAE1DB52B9400EBF51A /* Release */,
			);
			defaultConfigurationIsVisible = 0;
			defaultConfigurationName = Release;
		};
		266E3CAF1DB52B9400EBF51A /* Build configuration list for PBXNativeTarget "TableViewSeparatorFreeze" */ = {
			isa = XCConfigurationList;
			buildConfigurations = (
				266E3CB01DB52B9400EBF51A /* Debug */,
				266E3CB11DB52B9400EBF51A /* Release */,
			);
			defaultConfigurationIsVisible = 0;
		};
/* End XCConfigurationList section */
	};
	rootObject = 266E3C951DB52B9400EBF51A /* Project object */;
}
